
Microsoft Visual Studio Solution File, Format Version 12.00
# Visual Studio Version 17
VisualStudioVersion = 17.13.35931.197
MinimumVisualStudioVersion = 10.0.40219.1
Project("{FAE04EC0-301F-11D3-BF4B-00C04F79EFBC}") = "Singleton.NotThreadSafe", "Singleton.NotThreadSafe\Singleton.NotThreadSafe.csproj", "{66FD7D78-15D3-4E20-A6B6-0A0DB61A7435}"
EndProject
Project("{FAE04EC0-301F-11D3-BF4B-00C04F79EFBC}") = "Singleton.SingletonEagerLoading", "Singleton.SingletonEagerLoading\Singleton.SingletonEagerLoading.csproj", "{3EE7A131-91D8-4056-A7BA-17F7E1B4D3C2}"
EndProject
Project("{FAE04EC0-301F-11D3-BF4B-00C04F79EFBC}") = "Singleton.SingletonLazyLoading", "Singleton.SingletonLazyLoading\Singleton.SingletonLazyLoading.csproj", "{C39C47C4-0BDE-4E5E-BE4F-3A3AC2322990}"
EndProject
Project("{FAE04EC0-301F-11D3-BF4B-00C04F79EFBC}") = "Singleton.ThreadSafeUsingDoubkeCheckedLock", "Singleton.ThreadSafeUsingDoubkeCheckedLock\Singleton.ThreadSafeUsingDoubkeCheckedLock.csproj", "{15561187-D7E0-4047-8E87-0FCDD1D5EA59}"
EndProject
Global
	GlobalSection(SolutionConfigurationPlatforms) = preSolution
		Debug|Any CPU = Debug|Any CPU
		Release|Any CPU = Release|Any CPU
	EndGlobalSection
	GlobalSection(ProjectConfigurationPlatforms) = postSolution
		{66FD7D78-15D3-4E20-A6B6-0A0DB61A7435}.Debug|Any CPU.ActiveCfg = Debug|Any CPU
		{66FD7D78-15D3-4E20-A6B6-0A0DB61A7435}.Debug|Any CPU.Build.0 = Debug|Any CPU
		{66FD7D78-15D3-4E20-A6B6-0A0DB61A7435}.Release|Any CPU.ActiveCfg = Release|Any CPU
		{66FD7D78-15D3-4E20-A6B6-0A0DB61A7435}.Release|Any CPU.Build.0 = Release|Any CPU
		{3EE7A131-91D8-4056-A7BA-17F7E1B4D3C2}.Debug|Any CPU.ActiveCfg = Debug|Any CPU
		{3EE7A131-91D8-4056-A7BA-17F7E1B4D3C2}.Debug|Any CPU.Build.0 = Debug|Any CPU
		{3EE7A131-91D8-4056-A7BA-17F7E1B4D3C2}.Release|Any CPU.ActiveCfg = Release|Any CPU
		{3EE7A131-91D8-4056-A7BA-17F7E1B4D3C2}.Release|Any CPU.Build.0 = Release|Any CPU
		{C39C47C4-0BDE-4E5E-BE4F-3A3AC2322990}.Debug|Any CPU.ActiveCfg = Debug|Any CPU
		{C39C47C4-0BDE-4E5E-BE4F-3A3AC2322990}.Debug|Any CPU.Build.0 = Debug|Any CPU
		{C39C47C4-0BDE-4E5E-BE4F-3A3AC2322990}.Release|Any CPU.ActiveCfg = Release|Any CPU
		{C39C47C4-0BDE-4E5E-BE4F-3A3AC2322990}.Release|Any CPU.Build.0 = Release|Any CPU
		{15561187-D7E0-4047-8E87-0FCDD1D5EA59}.Debug|Any CPU.ActiveCfg = Debug|Any CPU
		{15561187-D7E0-4047-8E87-0FCDD1D5EA59}.Debug|Any CPU.Build.0 = Debug|Any CPU
		{15561187-D7E0-4047-8E87-0FCDD1D5EA59}.Release|Any CPU.ActiveCfg = Release|Any CPU
		{15561187-D7E0-4047-8E87-0FCDD1D5EA59}.Release|Any CPU.Build.0 = Release|Any CPU
	EndGlobalSection
	GlobalSection(SolutionProperties) = preSolution
		HideSolutionNode = FALSE
	EndGlobalSection
	GlobalSection(ExtensibilityGlobals) = postSolution
		SolutionGuid = {A34F31C9-ABEB-42D7-8438-F0DE1583FA7C}
	EndGlobalSection
EndGlobal
